
Microsoft Visual Studio Solution File, Format Version 12.00
# Visual Studio 2013
VisualStudioVersion = 12.0.21005.1
MinimumVisualStudioVersion = 10.0.40219.1
Project("{FAE04EC0-301F-11D3-BF4B-00C04F79EFBC}") = "EFUniversity", "EFUniversity\EFUniversity.csproj", "{C3C3E8AE-5516-41BB-B35F-E80793E49ACA}"
EndProject
Project("{FAE04EC0-301F-11D3-BF4B-00C04F79EFBC}") = "DBModel", "DBModel\DBModel.csproj", "{F99239B6-BA66-455E-9EAF-78B757FB483A}"
EndProject
Project("{FAE04EC0-301F-11D3-BF4B-00C04F79EFBC}") = "DAL", "DAL\DAL.csproj", "{559A96D5-2B66-4DEB-A540-514E1E18D138}"
EndProject
Project("{FAE04EC0-301F-11D3-BF4B-00C04F79EFBC}") = "WebUniversity", "WebUniversity\WebUniversity.csproj", "{E3A9DBD1-A193-46FC-889E-603B4D67A9FF}"
EndProject
Project("{FAE04EC0-301F-11D3-BF4B-00C04F79EFBC}") = "BLL", "BLL\BLL.csproj", "{C386ADF0-8F72-4960-9274-3E8FE888290F}"
EndProject
Global
	GlobalSection(SolutionConfigurationPlatforms) = preSolution
		Debug|Any CPU = Debug|Any CPU
		Release|Any CPU = Release|Any CPU
	EndGlobalSection
	GlobalSection(ProjectConfigurationPlatforms) = postSolution
		{C3C3E8AE-5516-41BB-B35F-E80793E49ACA}.Debug|Any CPU.ActiveCfg = Debug|Any CPU
		{C3C3E8AE-5516-41BB-B35F-E80793E49ACA}.Debug|Any CPU.Build.0 = Debug|Any CPU
		{C3C3E8AE-5516-41BB-B35F-E80793E49ACA}.Release|Any CPU.ActiveCfg = Release|Any CPU
		{C3C3E8AE-5516-41BB-B35F-E80793E49ACA}.Release|Any CPU.Build.0 = Release|Any CPU
		{F99239B6-BA66-455E-9EAF-78B757FB483A}.Debug|Any CPU.ActiveCfg = Debug|Any CPU
		{F99239B6-BA66-455E-9EAF-78B757FB483A}.Debug|Any CPU.Build.0 = Debug|Any CPU
		{F99239B6-BA66-455E-9EAF-78B757FB483A}.Release|Any CPU.ActiveCfg = Release|Any CPU
		{F99239B6-BA66-455E-9EAF-78B757FB483A}.Release|Any CPU.Build.0 = Release|Any CPU
		{559A96D5-2B66-4DEB-A540-514E1E18D138}.Debug|Any CPU.ActiveCfg = Debug|Any CPU
		{559A96D5-2B66-4DEB-A540-514E1E18D138}.Debug|Any CPU.Build.0 = Debug|Any CPU
		{559A96D5-2B66-4DEB-A540-514E1E18D138}.Release|Any CPU.ActiveCfg = Release|Any CPU
		{559A96D5-2B66-4DEB-A540-514E1E18D138}.Release|Any CPU.Build.0 = Release|Any CPU
		{E3A9DBD1-A193-46FC-889E-603B4D67A9FF}.Debug|Any CPU.ActiveCfg = Debug|Any CPU
		{E3A9DBD1-A193-46FC-889E-603B4D67A9FF}.Debug|Any CPU.Build.0 = Debug|Any CPU
		{E3A9DBD1-A193-46FC-889E-603B4D67A9FF}.Release|Any CPU.ActiveCfg = Release|Any CPU
		{E3A9DBD1-A193-46FC-889E-603B4D67A9FF}.Release|Any CPU.Build.0 = Release|Any CPU
		{C386ADF0-8F72-4960-9274-3E8FE888290F}.Debug|Any CPU.ActiveCfg = Debug|Any CPU
		{C386ADF0-8F72-4960-9274-3E8FE888290F}.Debug|Any CPU.Build.0 = Debug|Any CPU
		{C386ADF0-8F72-4960-9274-3E8FE888290F}.Release|Any CPU.ActiveCfg = Release|Any CPU
		{C386ADF0-8F72-4960-9274-3E8FE888290F}.Release|Any CPU.Build.0 = Release|Any CPU
	EndGlobalSection
	GlobalSection(SolutionProperties) = preSolution
		HideSolutionNode = FALSE
	EndGlobalSection
EndGlobal
